PODS:
  - dental_camera_s700c_plugin (0.0.1):
    - Flutter
  - Flutter (1.0.0)
  - flutter_ffmpeg (0.4.2):
    - Flutter
    - flutter_ffmpeg/https (= 0.4.2)
  - flutter_ffmpeg/https (0.4.2):
    - Flutter
    - mobile-ffmpeg-https (= 4.4)
  - gal (1.0.0):
    - Flutter
    - FlutterMacOS
  - integration_test (0.0.1):
    - Flutter
  - mobile-ffmpeg-https (4.4)
  - open_settings_plus (0.0.1):
    - Flutter
  - path_provider_foundation (0.0.1):
    - Flutter
    - FlutterMacOS
  - permission_handler_apple (9.1.1):
    - Flutter

DEPENDENCIES:
  - dental_camera_s700c_plugin (from `.symlinks/plugins/dental_camera_s700c_plugin/ios`)
  - Flutter (from `Flutter`)
  - flutter_ffmpeg (from `.symlinks/plugins/flutter_ffmpeg/ios`)
  - gal (from `.symlinks/plugins/gal/darwin`)
  - integration_test (from `.symlinks/plugins/integration_test/ios`)
  - open_settings_plus (from `.symlinks/plugins/open_settings_plus/ios`)
  - path_provider_foundation (from `.symlinks/plugins/path_provider_foundation/darwin`)
  - permission_handler_apple (from `.symlinks/plugins/permission_handler_apple/ios`)

SPEC REPOS:
  trunk:
    - mobile-ffmpeg-https

EXTERNAL SOURCES:
  dental_camera_s700c_plugin:
    :path: ".symlinks/plugins/dental_camera_s700c_plugin/ios"
  Flutter:
    :path: Flutter
  flutter_ffmpeg:
    :path: ".symlinks/plugins/flutter_ffmpeg/ios"
  gal:
    :path: ".symlinks/plugins/gal/darwin"
  integration_test:
    :path: ".symlinks/plugins/integration_test/ios"
  open_settings_plus:
    :path: ".symlinks/plugins/open_settings_plus/ios"
  path_provider_foundation:
    :path: ".symlinks/plugins/path_provider_foundation/darwin"
  permission_handler_apple:
    :path: ".symlinks/plugins/permission_handler_apple/ios"

SPEC CHECKSUMS:
  dental_camera_s700c_plugin: 7ad6bdf3d899a083ada056be8e78e1cdc459ebce
  Flutter: e0871f40cf51350855a761d2e70bf5af5b9b5de7
  flutter_ffmpeg: 26a01318e1fa4ebdbd1561848050aadc807d51a9
  gal: 61e868295d28fe67ffa297fae6dacebf56fd53e1
  integration_test: 13825b8a9334a850581300559b8839134b124670
  mobile-ffmpeg-https: 311fc4a8f671cf36d1d6b8f421e8246b790978d9
  open_settings_plus: 4bd848866fea2becc124581d868a6164cf768831
  path_provider_foundation: 2b6b4c569c0fb62ec74538f866245ac84301af46
  permission_handler_apple: e76247795d700c14ea09e3a2d8855d41ee80a2e6

PODFILE CHECKSUM: 6e700dec67e6deac9b1c69bb14c49a2217a12d15

COCOAPODS: 1.15.2
